
Microsoft Visual Studio Solution File, Format Version 12.00
# Visual Studio Version 17
VisualStudioVersion = 17.7.34221.43
MinimumVisualStudioVersion = 10.0.40219.1
Project("{2150E333-8FDC-42A3-9474-1A3956D46DE8}") = "Solution Items", "Solution Items", "{8C176AB2-9670-401C-9180-2DA0551841CD}"
	ProjectSection(SolutionItems) = preProject
		.editorconfig = .editorconfig
		.gitignore = .gitignore
		.vsconfig = .vsconfig
		Directory.Build.props = Directory.Build.props
		Directory.Packages.props = Directory.Packages.props
		global.json = global.json
	EndProjectSection
EndProject
Project("{9A19103F-16F7-4668-BE54-9A1E7A4F7556}") = "ECER.Clients.RegistryPortal.Server", "ECER.Clients.RegistryPortal\ECER.Clients.RegistryPortal.Server\ECER.Clients.RegistryPortal.Server.csproj", "{3301B8A6-FE03-4876-B6A2-CEE12B7397AA}"
	ProjectSection(ProjectDependencies) = postProject
		{55ED2E49-B77F-43F8-B14F-138BACDA4575} = {55ED2E49-B77F-43F8-B14F-138BACDA4575}
	EndProjectSection
EndProject
Project("{54A90642-561A-4BB1-A94E-469ADEE60C69}") = "ecer.clients.registryportal.client", "ECER.Clients.RegistryPortal\ecer.clients.registryportal.client\ecer.clients.registryportal.client.esproj", "{40ECFAD1-3EA6-4E7B-8432-6739FD7A562E}"
EndProject
Project("{9A19103F-16F7-4668-BE54-9A1E7A4F7556}") = "ECER.Managers.Registry", "ECER.Managers.Registry\ECER.Managers.Registry.csproj", "{55ED2E49-B77F-43F8-B14F-138BACDA4575}"
EndProject
Project("{9A19103F-16F7-4668-BE54-9A1E7A4F7556}") = "ECER.Engines.Validation", "ECER.Engines.Validation\ECER.Engines.Validation.csproj", "{C8D7A09A-D3C1-463B-9B3D-13127D7AE663}"
EndProject
Project("{9A19103F-16F7-4668-BE54-9A1E7A4F7556}") = "ECER.Utilities.DataverseSdk", "ECER.Utilities.DataverseSdk\ECER.Utilities.DataverseSdk.csproj", "{2393C727-A9FB-45B6-827D-08362C61DE8C}"
EndProject
Project("{9A19103F-16F7-4668-BE54-9A1E7A4F7556}") = "ECER.Resources.Accounts", "ECER.Resources.Accounts\ECER.Resources.Accounts.csproj", "{642EA005-8AC9-4A61-89F9-E8378C4A0BCB}"
EndProject
Project("{9A19103F-16F7-4668-BE54-9A1E7A4F7556}") = "ECER.Utilities.Hosting", "ECER.Utilities.Hosting\ECER.Utilities.Hosting.csproj", "{E373BEC0-960E-459D-9B08-10F638092F17}"
EndProject
Project("{9A19103F-16F7-4668-BE54-9A1E7A4F7556}") = "ECER.Infrastructure.Common", "ECER.Infrastructure.Common\ECER.Infrastructure.Common.csproj", "{5E4A7323-AD68-4724-8BAF-FD03FDD2EDA9}"
EndProject
Project("{9A19103F-16F7-4668-BE54-9A1E7A4F7556}") = "ECER.Tests", "ECER.Tests\ECER.Tests.csproj", "{DB7E91C6-D93C-4266-845E-B26A3953E649}"
EndProject
Project("{2150E333-8FDC-42A3-9474-1A3956D46DE8}") = "Managers", "Managers", "{8E2378FE-DFE8-46C0-AE5A-14A48F59F0FB}"
EndProject
Project("{2150E333-8FDC-42A3-9474-1A3956D46DE8}") = "Tests", "Tests", "{A36B1DF0-CC1F-4B77-B293-2090C21B038A}"
EndProject
Project("{2150E333-8FDC-42A3-9474-1A3956D46DE8}") = "Resources", "Resources", "{92D49B4E-2C0B-4D3A-9E39-5D5D0E218863}"
EndProject
Project("{2150E333-8FDC-42A3-9474-1A3956D46DE8}") = "Clients", "Clients", "{49573990-CF32-4E9F-B17D-1117E1855A7D}"
EndProject
Project("{2150E333-8FDC-42A3-9474-1A3956D46DE8}") = "Engines", "Engines", "{E28CD46A-BF2B-4113-8816-2C9FC31C9923}"
EndProject
Project("{2150E333-8FDC-42A3-9474-1A3956D46DE8}") = "Utilities", "Utilities", "{19F2F08C-C5B1-47C2-BB55-02C090B24C6E}"
EndProject
Project("{9A19103F-16F7-4668-BE54-9A1E7A4F7556}") = "ECER.Utilities.Security", "ECER.Utilities.Security\ECER.Utilities.Security.csproj", "{399B5DF8-4A89-46C9-9B20-FDAFF4D596E7}"
EndProject
Project("{9A19103F-16F7-4668-BE54-9A1E7A4F7556}") = "ECER.Managers.Registry.Contract", "ECER.Managers.Registry.Contract\ECER.Managers.Registry.Contract.csproj", "{CBE9442A-5910-4F33-BF9A-E5130F290E6F}"
EndProject
Project("{9A19103F-16F7-4668-BE54-9A1E7A4F7556}") = "ECER.Resources.Documents", "ECER.Resources.Documents\ECER.Resources.Documents.csproj", "{68E90558-CABC-401F-B4BE-A8C314AC151F}"
EndProject
Project("{9A19103F-16F7-4668-BE54-9A1E7A4F7556}") = "ECER.Utilities.ObjectStorage", "ECER.Utilities.ObjectStorage\ECER.Utilities.ObjectStorage.csproj", "{CE7DE4F9-6CFA-4165-918B-C775E16D8728}"
EndProject
Project("{9A19103F-16F7-4668-BE54-9A1E7A4F7556}") = "ECER.Clients.Api", "ECER.Clients.Api\ECER.Clients.Api.csproj", "{67B0C3B4-480C-4E20-9857-2A00B2BA3E13}"
EndProject
Project("{2150E333-8FDC-42A3-9474-1A3956D46DE8}") = "Registry", "Registry", "{0E0CCAE1-AB96-4842-B90A-DA230325DB2F}"
EndProject
Project("{2150E333-8FDC-42A3-9474-1A3956D46DE8}") = "Admin", "Admin", "{A311CE3C-C51D-4826-ADD9-FED13AAA51EF}"
EndProject
Project("{9A19103F-16F7-4668-BE54-9A1E7A4F7556}") = "ECER.Managers.Admin.Contract", "ECER.Managers.Admin.Contract\ECER.Managers.Admin.Contract.csproj", "{C665280B-AD1F-4ED9-AFB0-C87DF155E93D}"
EndProject
Project("{9A19103F-16F7-4668-BE54-9A1E7A4F7556}") = "ECER.Managers.Admin", "ECER.Managers.Admin\ECER.Managers.Admin.csproj", "{BAAD73EA-EA04-469F-8F3A-63EB69955D02}"
EndProject
Project("{9A19103F-16F7-4668-BE54-9A1E7A4F7556}") = "ECER.Engines.Transformation", "ECER.Engines.Transformation\ECER.Engines.Transformation.csproj", "{3C325134-4511-477F-B96B-88E1FB2753B5}"
EndProject
Project("{9A19103F-16F7-4668-BE54-9A1E7A4F7556}") = "ECER.Utilities.FileScanner", "ECER.Utilities.FileScanner\ECER.Utilities.FileScanner.csproj", "{1C053817-991E-444E-968B-FB807D08F14D}"
EndProject
Project("{FAE04EC0-301F-11D3-BF4B-00C04F79EFBC}") = "ECER.Clients.E2ETestData", "ECER.Clients.E2ETestData\ECER.Clients.E2ETestData.csproj", "{BD221199-41F4-C887-95C2-BEE87DE99CD9}"
EndProject
Project("{2150E333-8FDC-42A3-9474-1A3956D46DE8}") = "E2ETest", "E2ETest", "{02EA681E-C7D8-13C7-8484-4AC65E1B71E8}"
EndProject
Project("{FAE04EC0-301F-11D3-BF4B-00C04F79EFBC}") = "ECER.Managers.E2ETest", "ECER.Managers.E2ETest\ECER.Managers.E2ETest.csproj", "{F9145962-FFB8-432B-8BE5-B355AB3E81AB}"
EndProject
Project("{FAE04EC0-301F-11D3-BF4B-00C04F79EFBC}") = "ECER.Managers.E2ETest.Contract", "ECER.Managers.E2ETest.Contract\ECER.Managers.E2ETest.Contract.csproj", "{E03D957E-CBFE-452B-A602-ABF485512088}"
EndProject
Project("{FAE04EC0-301F-11D3-BF4B-00C04F79EFBC}") = "ECER.Resources.E2ETests", "ECER.Resources.E2ETests\ECER.Resources.E2ETests.csproj", "{A2948C3B-F82E-47A2-B146-4837EAB815E7}"
EndProject
Global
	GlobalSection(SolutionConfigurationPlatforms) = preSolution
		Debug|Any CPU = Debug|Any CPU
		Release|Any CPU = Release|Any CPU
	EndGlobalSection
	GlobalSection(ProjectConfigurationPlatforms) = postSolution
		{3301B8A6-FE03-4876-B6A2-CEE12B7397AA}.Debug|Any CPU.ActiveCfg = Debug|Any CPU
		{3301B8A6-FE03-4876-B6A2-CEE12B7397AA}.Debug|Any CPU.Build.0 = Debug|Any CPU
		{3301B8A6-FE03-4876-B6A2-CEE12B7397AA}.Release|Any CPU.ActiveCfg = Release|Any CPU
		{3301B8A6-FE03-4876-B6A2-CEE12B7397AA}.Release|Any CPU.Build.0 = Release|Any CPU
		{40ECFAD1-3EA6-4E7B-8432-6739FD7A562E}.Debug|Any CPU.ActiveCfg = Debug|Any CPU
		{40ECFAD1-3EA6-4E7B-8432-6739FD7A562E}.Debug|Any CPU.Build.0 = Debug|Any CPU
		{40ECFAD1-3EA6-4E7B-8432-6739FD7A562E}.Debug|Any CPU.Deploy.0 = Debug|Any CPU
		{40ECFAD1-3EA6-4E7B-8432-6739FD7A562E}.Release|Any CPU.ActiveCfg = Release|Any CPU
		{40ECFAD1-3EA6-4E7B-8432-6739FD7A562E}.Release|Any CPU.Build.0 = Release|Any CPU
		{40ECFAD1-3EA6-4E7B-8432-6739FD7A562E}.Release|Any CPU.Deploy.0 = Release|Any CPU
		{55ED2E49-B77F-43F8-B14F-138BACDA4575}.Debug|Any CPU.ActiveCfg = Debug|Any CPU
		{55ED2E49-B77F-43F8-B14F-138BACDA4575}.Debug|Any CPU.Build.0 = Debug|Any CPU
		{55ED2E49-B77F-43F8-B14F-138BACDA4575}.Release|Any CPU.ActiveCfg = Release|Any CPU
		{55ED2E49-B77F-43F8-B14F-138BACDA4575}.Release|Any CPU.Build.0 = Release|Any CPU
		{C8D7A09A-D3C1-463B-9B3D-13127D7AE663}.Debug|Any CPU.ActiveCfg = Debug|Any CPU
		{C8D7A09A-D3C1-463B-9B3D-13127D7AE663}.Debug|Any CPU.Build.0 = Debug|Any CPU
		{C8D7A09A-D3C1-463B-9B3D-13127D7AE663}.Release|Any CPU.ActiveCfg = Release|Any CPU
		{C8D7A09A-D3C1-463B-9B3D-13127D7AE663}.Release|Any CPU.Build.0 = Release|Any CPU
		{2393C727-A9FB-45B6-827D-08362C61DE8C}.Debug|Any CPU.ActiveCfg = Debug|Any CPU
		{2393C727-A9FB-45B6-827D-08362C61DE8C}.Debug|Any CPU.Build.0 = Debug|Any CPU
		{2393C727-A9FB-45B6-827D-08362C61DE8C}.Release|Any CPU.ActiveCfg = Release|Any CPU
		{2393C727-A9FB-45B6-827D-08362C61DE8C}.Release|Any CPU.Build.0 = Release|Any CPU
		{642EA005-8AC9-4A61-89F9-E8378C4A0BCB}.Debug|Any CPU.ActiveCfg = Debug|Any CPU
		{642EA005-8AC9-4A61-89F9-E8378C4A0BCB}.Debug|Any CPU.Build.0 = Debug|Any CPU
		{642EA005-8AC9-4A61-89F9-E8378C4A0BCB}.Release|Any CPU.ActiveCfg = Release|Any CPU
		{642EA005-8AC9-4A61-89F9-E8378C4A0BCB}.Release|Any CPU.Build.0 = Release|Any CPU
		{E373BEC0-960E-459D-9B08-10F638092F17}.Debug|Any CPU.ActiveCfg = Debug|Any CPU
		{E373BEC0-960E-459D-9B08-10F638092F17}.Debug|Any CPU.Build.0 = Debug|Any CPU
		{E373BEC0-960E-459D-9B08-10F638092F17}.Release|Any CPU.ActiveCfg = Release|Any CPU
		{E373BEC0-960E-459D-9B08-10F638092F17}.Release|Any CPU.Build.0 = Release|Any CPU
		{5E4A7323-AD68-4724-8BAF-FD03FDD2EDA9}.Debug|Any CPU.ActiveCfg = Debug|Any CPU
		{5E4A7323-AD68-4724-8BAF-FD03FDD2EDA9}.Debug|Any CPU.Build.0 = Debug|Any CPU
		{5E4A7323-AD68-4724-8BAF-FD03FDD2EDA9}.Release|Any CPU.ActiveCfg = Release|Any CPU
		{5E4A7323-AD68-4724-8BAF-FD03FDD2EDA9}.Release|Any CPU.Build.0 = Release|Any CPU
		{DB7E91C6-D93C-4266-845E-B26A3953E649}.Debug|Any CPU.ActiveCfg = Debug|Any CPU
		{DB7E91C6-D93C-4266-845E-B26A3953E649}.Debug|Any CPU.Build.0 = Debug|Any CPU
		{DB7E91C6-D93C-4266-845E-B26A3953E649}.Release|Any CPU.ActiveCfg = Release|Any CPU
		{DB7E91C6-D93C-4266-845E-B26A3953E649}.Release|Any CPU.Build.0 = Release|Any CPU
		{399B5DF8-4A89-46C9-9B20-FDAFF4D596E7}.Debug|Any CPU.ActiveCfg = Debug|Any CPU
		{399B5DF8-4A89-46C9-9B20-FDAFF4D596E7}.Debug|Any CPU.Build.0 = Debug|Any CPU
		{399B5DF8-4A89-46C9-9B20-FDAFF4D596E7}.Release|Any CPU.ActiveCfg = Release|Any CPU
		{399B5DF8-4A89-46C9-9B20-FDAFF4D596E7}.Release|Any CPU.Build.0 = Release|Any CPU
		{CBE9442A-5910-4F33-BF9A-E5130F290E6F}.Debug|Any CPU.ActiveCfg = Debug|Any CPU
		{CBE9442A-5910-4F33-BF9A-E5130F290E6F}.Debug|Any CPU.Build.0 = Debug|Any CPU
		{CBE9442A-5910-4F33-BF9A-E5130F290E6F}.Release|Any CPU.ActiveCfg = Release|Any CPU
		{CBE9442A-5910-4F33-BF9A-E5130F290E6F}.Release|Any CPU.Build.0 = Release|Any CPU
		{68E90558-CABC-401F-B4BE-A8C314AC151F}.Debug|Any CPU.ActiveCfg = Debug|Any CPU
		{68E90558-CABC-401F-B4BE-A8C314AC151F}.Debug|Any CPU.Build.0 = Debug|Any CPU
		{68E90558-CABC-401F-B4BE-A8C314AC151F}.Release|Any CPU.ActiveCfg = Release|Any CPU
		{68E90558-CABC-401F-B4BE-A8C314AC151F}.Release|Any CPU.Build.0 = Release|Any CPU
		{CE7DE4F9-6CFA-4165-918B-C775E16D8728}.Debug|Any CPU.ActiveCfg = Debug|Any CPU
		{CE7DE4F9-6CFA-4165-918B-C775E16D8728}.Debug|Any CPU.Build.0 = Debug|Any CPU
		{CE7DE4F9-6CFA-4165-918B-C775E16D8728}.Release|Any CPU.ActiveCfg = Release|Any CPU
		{CE7DE4F9-6CFA-4165-918B-C775E16D8728}.Release|Any CPU.Build.0 = Release|Any CPU
		{67B0C3B4-480C-4E20-9857-2A00B2BA3E13}.Debug|Any CPU.ActiveCfg = Debug|Any CPU
		{67B0C3B4-480C-4E20-9857-2A00B2BA3E13}.Debug|Any CPU.Build.0 = Debug|Any CPU
		{67B0C3B4-480C-4E20-9857-2A00B2BA3E13}.Release|Any CPU.ActiveCfg = Release|Any CPU
		{67B0C3B4-480C-4E20-9857-2A00B2BA3E13}.Release|Any CPU.Build.0 = Release|Any CPU
		{C665280B-AD1F-4ED9-AFB0-C87DF155E93D}.Debug|Any CPU.ActiveCfg = Debug|Any CPU
		{C665280B-AD1F-4ED9-AFB0-C87DF155E93D}.Debug|Any CPU.Build.0 = Debug|Any CPU
		{C665280B-AD1F-4ED9-AFB0-C87DF155E93D}.Release|Any CPU.ActiveCfg = Release|Any CPU
		{C665280B-AD1F-4ED9-AFB0-C87DF155E93D}.Release|Any CPU.Build.0 = Release|Any CPU
		{BAAD73EA-EA04-469F-8F3A-63EB69955D02}.Debug|Any CPU.ActiveCfg = Debug|Any CPU
		{BAAD73EA-EA04-469F-8F3A-63EB69955D02}.Debug|Any CPU.Build.0 = Debug|Any CPU
		{BAAD73EA-EA04-469F-8F3A-63EB69955D02}.Release|Any CPU.ActiveCfg = Release|Any CPU
		{BAAD73EA-EA04-469F-8F3A-63EB69955D02}.Release|Any CPU.Build.0 = Release|Any CPU
		{3C325134-4511-477F-B96B-88E1FB2753B5}.Debug|Any CPU.ActiveCfg = Debug|Any CPU
		{3C325134-4511-477F-B96B-88E1FB2753B5}.Debug|Any CPU.Build.0 = Debug|Any CPU
		{3C325134-4511-477F-B96B-88E1FB2753B5}.Release|Any CPU.ActiveCfg = Release|Any CPU
		{3C325134-4511-477F-B96B-88E1FB2753B5}.Release|Any CPU.Build.0 = Release|Any CPU
		{1C053817-991E-444E-968B-FB807D08F14D}.Debug|Any CPU.ActiveCfg = Debug|Any CPU
		{1C053817-991E-444E-968B-FB807D08F14D}.Debug|Any CPU.Build.0 = Debug|Any CPU
		{1C053817-991E-444E-968B-FB807D08F14D}.Release|Any CPU.ActiveCfg = Release|Any CPU
		{1C053817-991E-444E-968B-FB807D08F14D}.Release|Any CPU.Build.0 = Release|Any CPU
		{BD221199-41F4-C887-95C2-BEE87DE99CD9}.Debug|Any CPU.ActiveCfg = Debug|Any CPU
		{BD221199-41F4-C887-95C2-BEE87DE99CD9}.Debug|Any CPU.Build.0 = Debug|Any CPU
		{BD221199-41F4-C887-95C2-BEE87DE99CD9}.Release|Any CPU.ActiveCfg = Release|Any CPU
		{BD221199-41F4-C887-95C2-BEE87DE99CD9}.Release|Any CPU.Build.0 = Release|Any CPU
		{F9145962-FFB8-432B-8BE5-B355AB3E81AB}.Debug|Any CPU.ActiveCfg = Debug|Any CPU
		{F9145962-FFB8-432B-8BE5-B355AB3E81AB}.Debug|Any CPU.Build.0 = Debug|Any CPU
		{F9145962-FFB8-432B-8BE5-B355AB3E81AB}.Release|Any CPU.ActiveCfg = Release|Any CPU
		{F9145962-FFB8-432B-8BE5-B355AB3E81AB}.Release|Any CPU.Build.0 = Release|Any CPU
		{E03D957E-CBFE-452B-A602-ABF485512088}.Debug|Any CPU.ActiveCfg = Debug|Any CPU
		{E03D957E-CBFE-452B-A602-ABF485512088}.Debug|Any CPU.Build.0 = Debug|Any CPU
		{E03D957E-CBFE-452B-A602-ABF485512088}.Release|Any CPU.ActiveCfg = Release|Any CPU
		{E03D957E-CBFE-452B-A602-ABF485512088}.Release|Any CPU.Build.0 = Release|Any CPU
		{A2948C3B-F82E-47A2-B146-4837EAB815E7}.Debug|Any CPU.ActiveCfg = Debug|Any CPU
		{A2948C3B-F82E-47A2-B146-4837EAB815E7}.Debug|Any CPU.Build.0 = Debug|Any CPU
		{A2948C3B-F82E-47A2-B146-4837EAB815E7}.Release|Any CPU.ActiveCfg = Release|Any CPU
		{A2948C3B-F82E-47A2-B146-4837EAB815E7}.Release|Any CPU.Build.0 = Release|Any CPU
	EndGlobalSection
	GlobalSection(SolutionProperties) = preSolution
		HideSolutionNode = FALSE
	EndGlobalSection
	GlobalSection(NestedProjects) = preSolution
		{3301B8A6-FE03-4876-B6A2-CEE12B7397AA} = {49573990-CF32-4E9F-B17D-1117E1855A7D}
		{40ECFAD1-3EA6-4E7B-8432-6739FD7A562E} = {49573990-CF32-4E9F-B17D-1117E1855A7D}
		{55ED2E49-B77F-43F8-B14F-138BACDA4575} = {0E0CCAE1-AB96-4842-B90A-DA230325DB2F}
		{C8D7A09A-D3C1-463B-9B3D-13127D7AE663} = {E28CD46A-BF2B-4113-8816-2C9FC31C9923}
		{2393C727-A9FB-45B6-827D-08362C61DE8C} = {19F2F08C-C5B1-47C2-BB55-02C090B24C6E}
		{642EA005-8AC9-4A61-89F9-E8378C4A0BCB} = {92D49B4E-2C0B-4D3A-9E39-5D5D0E218863}
		{E373BEC0-960E-459D-9B08-10F638092F17} = {19F2F08C-C5B1-47C2-BB55-02C090B24C6E}
		{5E4A7323-AD68-4724-8BAF-FD03FDD2EDA9} = {19F2F08C-C5B1-47C2-BB55-02C090B24C6E}
		{DB7E91C6-D93C-4266-845E-B26A3953E649} = {A36B1DF0-CC1F-4B77-B293-2090C21B038A}
		{399B5DF8-4A89-46C9-9B20-FDAFF4D596E7} = {19F2F08C-C5B1-47C2-BB55-02C090B24C6E}
		{CBE9442A-5910-4F33-BF9A-E5130F290E6F} = {0E0CCAE1-AB96-4842-B90A-DA230325DB2F}
		{68E90558-CABC-401F-B4BE-A8C314AC151F} = {92D49B4E-2C0B-4D3A-9E39-5D5D0E218863}
		{CE7DE4F9-6CFA-4165-918B-C775E16D8728} = {19F2F08C-C5B1-47C2-BB55-02C090B24C6E}
		{67B0C3B4-480C-4E20-9857-2A00B2BA3E13} = {49573990-CF32-4E9F-B17D-1117E1855A7D}
		{0E0CCAE1-AB96-4842-B90A-DA230325DB2F} = {8E2378FE-DFE8-46C0-AE5A-14A48F59F0FB}
		{A311CE3C-C51D-4826-ADD9-FED13AAA51EF} = {8E2378FE-DFE8-46C0-AE5A-14A48F59F0FB}
		{C665280B-AD1F-4ED9-AFB0-C87DF155E93D} = {A311CE3C-C51D-4826-ADD9-FED13AAA51EF}
		{BAAD73EA-EA04-469F-8F3A-63EB69955D02} = {A311CE3C-C51D-4826-ADD9-FED13AAA51EF}
		{3C325134-4511-477F-B96B-88E1FB2753B5} = {E28CD46A-BF2B-4113-8816-2C9FC31C9923}
		{1C053817-991E-444E-968B-FB807D08F14D} = {19F2F08C-C5B1-47C2-BB55-02C090B24C6E}
		{BD221199-41F4-C887-95C2-BEE87DE99CD9} = {49573990-CF32-4E9F-B17D-1117E1855A7D}
		{02EA681E-C7D8-13C7-8484-4AC65E1B71E8} = {8E2378FE-DFE8-46C0-AE5A-14A48F59F0FB}
		{F9145962-FFB8-432B-8BE5-B355AB3E81AB} = {02EA681E-C7D8-13C7-8484-4AC65E1B71E8}
		{E03D957E-CBFE-452B-A602-ABF485512088} = {02EA681E-C7D8-13C7-8484-4AC65E1B71E8}
		{A2948C3B-F82E-47A2-B146-4837EAB815E7} = {92D49B4E-2C0B-4D3A-9E39-5D5D0E218863}
	EndGlobalSection
	GlobalSection(ExtensibilityGlobals) = postSolution
		SolutionGuid = {0C9C9A1C-3986-464E-9339-01724D912A19}
	EndGlobalSection
EndGlobal
